
Microsoft Visual Studio Solution File, Format Version 12.00
# Visual Studio Version 17
VisualStudioVersion = 17.5.33530.505
MinimumVisualStudioVersion = 10.0.40219.1
Project("{FAE04EC0-301F-11D3-BF4B-00C04F79EFBC}") = "problema1semana7", "problema1semana7.csproj", "{57A59215-0CC9-4799-A0EB-F681A35688D1}"
EndProject
Global
	GlobalSection(SolutionConfigurationPlatforms) = preSolution
		Debug|Any CPU = Debug|Any CPU
		Release|Any CPU = Release|Any CPU
	EndGlobalSection
	GlobalSection(ProjectConfigurationPlatforms) = postSolution
		{57A59215-0CC9-4799-A0EB-F681A35688D1}.Debug|Any CPU.ActiveCfg = Debug|Any CPU
		{57A59215-0CC9-4799-A0EB-F681A35688D1}.Debug|Any CPU.Build.0 = Debug|Any CPU
		{57A59215-0CC9-4799-A0EB-F681A35688D1}.Release|Any CPU.ActiveCfg = Release|Any CPU
		{57A59215-0CC9-4799-A0EB-F681A35688D1}.Release|Any CPU.Build.0 = Release|Any CPU
	EndGlobalSection
	GlobalSection(SolutionProperties) = preSolution
		HideSolutionNode = FALSE
	EndGlobalSection
	GlobalSection(ExtensibilityGlobals) = postSolution
		SolutionGuid = {633DEAF4-74CD-4870-B185-0F59C270E0BC}
	EndGlobalSection
EndGlobal
